Microsoft Visual Studio Solution File, Format Version 11.00
# Visual Studio 2008

Project("{17FE0498-262A-4DA9-B971-810FBC5155F7}") = "2DRaycastController", "Assembly-CSharp.csproj", "{B6055C2F-BDE8-1A25-5158-ED0C670C3A25}"
EndProject
Global
	GlobalSection(SolutionConfigurationPlatforms) = preSolution
		Debug|Any CPU = Debug|Any CPU
		Release|Any CPU = Release|Any CPU
	EndGlobalSection
	GlobalSection(ProjectConfigurationPlatforms) = postSolution
		{B6055C2F-BDE8-1A25-5158-ED0C670C3A25}.Debug|Any CPU.ActiveCfg = Debug|Any CPU
		{B6055C2F-BDE8-1A25-5158-ED0C670C3A25}.Debug|Any CPU.Build.0 = Debug|Any CPU
		{B6055C2F-BDE8-1A25-5158-ED0C670C3A25}.Release|Any CPU.ActiveCfg = Release|Any CPU
		{B6055C2F-BDE8-1A25-5158-ED0C670C3A25}.Release|Any CPU.Build.0 = Release|Any CPU
	EndGlobalSection
	GlobalSection(SolutionProperties) = preSolution
		HideSolutionNode = FALSE
	EndGlobalSection
	GlobalSection(MonoDevelopProperties) = preSolution
		StartupItem = Assembly-CSharp.csproj
	EndGlobalSection
EndGlobal
